
Microsoft Visual Studio Solution File, Format Version 12.00
# Visual Studio Version 17
VisualStudioVersion = 17.11.35222.181
MinimumVisualStudioVersion = 10.0.40219.1
Project("{FAE04EC0-301F-11D3-BF4B-00C04F79EFBC}") = "sistema_comercio", "sistema_comercio\sistema_comercio.csproj", "{1C406EBD-2556-4BB3-9068-2A54525BCAB5}"
EndProject
Global
	GlobalSection(SolutionConfigurationPlatforms) = preSolution
		Debug|Any CPU = Debug|Any CPU
		Release|Any CPU = Release|Any CPU
	EndGlobalSection
	GlobalSection(ProjectConfigurationPlatforms) = postSolution
		{1C406EBD-2556-4BB3-9068-2A54525BCAB5}.Debug|Any CPU.ActiveCfg = Debug|Any CPU
		{1C406EBD-2556-4BB3-9068-2A54525BCAB5}.Debug|Any CPU.Build.0 = Debug|Any CPU
		{1C406EBD-2556-4BB3-9068-2A54525BCAB5}.Release|Any CPU.ActiveCfg = Release|Any CPU
		{1C406EBD-2556-4BB3-9068-2A54525BCAB5}.Release|Any CPU.Build.0 = Release|Any CPU
	EndGlobalSection
	GlobalSection(SolutionProperties) = preSolution
		HideSolutionNode = FALSE
	EndGlobalSection
	GlobalSection(ExtensibilityGlobals) = postSolution
		SolutionGuid = {2D163237-684A-4514-B590-650D46821475}
	EndGlobalSection
EndGlobal
